
Microsoft Visual Studio Solution File, Format Version 12.00
# Visual Studio Version 16
VisualStudioVersion = 16.0.32802.440
MinimumVisualStudioVersion = 10.0.40219.1
Project("{C9674DCB-5085-4A16-B785-4C70DD1589BD}") = "final_project_nds_dds", "final_project_nds_dds\final_project_nds_dds.dtproj", "{AC48805F-83B8-4337-A5A6-11EAC92A46EE}"
EndProject
Global
	GlobalSection(SolutionConfigurationPlatforms) = preSolution
		Development|Default = Development|Default
	EndGlobalSection
	GlobalSection(ProjectConfigurationPlatforms) = postSolution
		{AC48805F-83B8-4337-A5A6-11EAC92A46EE}.Development|Default.ActiveCfg = Development
		{AC48805F-83B8-4337-A5A6-11EAC92A46EE}.Development|Default.Build.0 = Development
	EndGlobalSection
	GlobalSection(SolutionProperties) = preSolution
		HideSolutionNode = FALSE
	EndGlobalSection
	GlobalSection(ExtensibilityGlobals) = postSolution
		SolutionGuid = {D7A34C5B-FD3C-4301-8551-5956BCBC91A2}
	EndGlobalSection
EndGlobal
